
Microsoft Visual Studio Solution File, Format Version 12.00
# Visual Studio Version 17
VisualStudioVersion = 17.1.32421.90
MinimumVisualStudioVersion = 10.0.40219.1
Project("{2150E333-8FDC-42A3-9474-1A3956D46DE8}") = "src", "src", "{C67AF6E3-851B-49C4-9245-E5198AE2BD89}"
EndProject
Project("{9A19103F-16F7-4668-BE54-9A1E7A4F7556}") = "FortniteTracker.FrontEnd", "src\FortniteTracker.FrontEnd\FortniteTracker.FrontEnd.csproj", "{7CD960AD-542F-4867-9D3A-D7BC1F117370}"
EndProject
Project("{FAE04EC0-301F-11D3-BF4B-00C04F79EFBC}") = "FortniteTracker.Domain", "FortniteTracker.Domain\FortniteTracker.Domain.csproj", "{1A423E33-44E9-418D-B103-CF4F71027868}"
EndProject
Global
	GlobalSection(SolutionConfigurationPlatforms) = preSolution
		Debug|Any CPU = Debug|Any CPU
		Release|Any CPU = Release|Any CPU
	EndGlobalSection
	GlobalSection(ProjectConfigurationPlatforms) = postSolution
		{7CD960AD-542F-4867-9D3A-D7BC1F117370}.Debug|Any CPU.ActiveCfg = Debug|Any CPU
		{7CD960AD-542F-4867-9D3A-D7BC1F117370}.Debug|Any CPU.Build.0 = Debug|Any CPU
		{7CD960AD-542F-4867-9D3A-D7BC1F117370}.Release|Any CPU.ActiveCfg = Release|Any CPU
		{7CD960AD-542F-4867-9D3A-D7BC1F117370}.Release|Any CPU.Build.0 = Release|Any CPU
		{1A423E33-44E9-418D-B103-CF4F71027868}.Debug|Any CPU.ActiveCfg = Debug|Any CPU
		{1A423E33-44E9-418D-B103-CF4F71027868}.Debug|Any CPU.Build.0 = Debug|Any CPU
		{1A423E33-44E9-418D-B103-CF4F71027868}.Release|Any CPU.ActiveCfg = Release|Any CPU
		{1A423E33-44E9-418D-B103-CF4F71027868}.Release|Any CPU.Build.0 = Release|Any CPU
	EndGlobalSection
	GlobalSection(SolutionProperties) = preSolution
		HideSolutionNode = FALSE
	EndGlobalSection
	GlobalSection(NestedProjects) = preSolution
		{7CD960AD-542F-4867-9D3A-D7BC1F117370} = {C67AF6E3-851B-49C4-9245-E5198AE2BD89}
		{1A423E33-44E9-418D-B103-CF4F71027868} = {C67AF6E3-851B-49C4-9245-E5198AE2BD89}
	EndGlobalSection
	GlobalSection(ExtensibilityGlobals) = postSolution
		SolutionGuid = {3D56DACA-B600-432B-8A00-2023D57D53D1}
	EndGlobalSection
EndGlobal
